# This is a Gradle generated file for dependency locking.
# Manual edits can break the build and are not advised.
# This file is expected to be part of source control.
com.squareup.okio:okio-iosarm64:3.16.0=iosArm64CompilationDependenciesMetadata,iosArm64CompileKlibraries,iosArm64TestCompilationDependenciesMetadata,iosArm64TestCompileKlibraries
com.squareup.okio:okio-iossimulatorarm64:3.16.0=iosSimulatorArm64CompilationDependenciesMetadata,iosSimulatorArm64CompileKlibraries,iosSimulatorArm64TestCompilationDependenciesMetadata,iosSimulatorArm64TestCompileKlibraries
com.squareup.okio:okio:3.16.0=allSourceSetsCompileDependenciesMetadata,allTestSourceSetsCompileDependenciesMetadata,appleMainResolvableDependenciesMetadata,appleTestResolvableDependenciesMetadata,commonMainResolvableDependenciesMetadata,commonTestResolvableDependenciesMetadata,iosArm64CompilationDependenciesMetadata,iosArm64CompileKlibraries,iosArm64MainResolvableDependenciesMetadata,iosArm64TestCompilationDependenciesMetadata,iosArm64TestCompileKlibraries,iosArm64TestResolvableDependenciesMetadata,iosMainResolvableDependenciesMetadata,iosSimulatorArm64CompilationDependenciesMetadata,iosSimulatorArm64CompileKlibraries,iosSimulatorArm64MainResolvableDependenciesMetadata,iosSimulatorArm64TestCompilationDependenciesMetadata,iosSimulatorArm64TestCompileKlibraries,iosSimulatorArm64TestResolvableDependenciesMetadata,iosTestResolvableDependenciesMetadata,metadataAppleMainCompileClasspath,metadataCommonMainCompileClasspath,metadataCompileClasspath,metadataIosMainCompileClasspath,metadataNativeMainCompileClasspath,nativeMainResolvableDependenciesMetadata,nativeTestResolvableDependenciesMetadata,verificationMainResolvableDependenciesMetadata,verificationTestResolvableDependenciesMetadata
io.github.pdvrieze.xmlutil:core-iosarm64:0.91.3=iosArm64CompilationDependenciesMetadata,iosArm64CompileKlibraries,iosArm64TestCompilationDependenciesMetadata,iosArm64TestCompileKlibraries
io.github.pdvrieze.xmlutil:core-iossimulatorarm64:0.91.3=iosSimulatorArm64CompilationDependenciesMetadata,iosSimulatorArm64CompileKlibraries,iosSimulatorArm64TestCompilationDependenciesMetadata,iosSimulatorArm64TestCompileKlibraries
io.github.pdvrieze.xmlutil:core:0.91.3=allSourceSetsCompileDependenciesMetadata,allTestSourceSetsCompileDependenciesMetadata,appleMainResolvableDependenciesMetadata,appleTestResolvableDependenciesMetadata,commonMainResolvableDependenciesMetadata,commonTestResolvableDependenciesMetadata,iosArm64CompilationDependenciesMetadata,iosArm64CompileKlibraries,iosArm64MainResolvableDependenciesMetadata,iosArm64TestCompilationDependenciesMetadata,iosArm64TestCompileKlibraries,iosArm64TestResolvableDependenciesMetadata,iosMainResolvableDependenciesMetadata,iosSimulatorArm64CompilationDependenciesMetadata,iosSimulatorArm64CompileKlibraries,iosSimulatorArm64MainResolvableDependenciesMetadata,iosSimulatorArm64TestCompilationDependenciesMetadata,iosSimulatorArm64TestCompileKlibraries,iosSimulatorArm64TestResolvableDependenciesMetadata,iosTestResolvableDependenciesMetadata,metadataAppleMainCompileClasspath,metadataCommonMainCompileClasspath,metadataCompileClasspath,metadataIosMainCompileClasspath,metadataNativeMainCompileClasspath,nativeMainResolvableDependenciesMetadata,nativeTestResolvableDependenciesMetadata,verificationMainResolvableDependenciesMetadata,verificationTestResolvableDependenciesMetadata
it.krzeminski:snakeyaml-engine-kmp-iosarm64:4.0.1=iosArm64CompilationDependenciesMetadata,iosArm64CompileKlibraries,iosArm64TestCompilationDependenciesMetadata,iosArm64TestCompileKlibraries
it.krzeminski:snakeyaml-engine-kmp-iossimulatorarm64:4.0.1=iosSimulatorArm64CompilationDependenciesMetadata,iosSimulatorArm64CompileKlibraries,iosSimulatorArm64TestCompilationDependenciesMetadata,iosSimulatorArm64TestCompileKlibraries
it.krzeminski:snakeyaml-engine-kmp:4.0.1=allSourceSetsCompileDependenciesMetadata,allTestSourceSetsCompileDependenciesMetadata,appleMainResolvableDependenciesMetadata,appleTestResolvableDependenciesMetadata,commonMainResolvableDependenciesMetadata,commonTestResolvableDependenciesMetadata,iosArm64CompilationDependenciesMetadata,iosArm64CompileKlibraries,iosArm64MainResolvableDependenciesMetadata,iosArm64TestCompilationDependenciesMetadata,iosArm64TestCompileKlibraries,iosArm64TestResolvableDependenciesMetadata,iosMainResolvableDependenciesMetadata,iosSimulatorArm64CompilationDependenciesMetadata,iosSimulatorArm64CompileKlibraries,iosSimulatorArm64MainResolvableDependenciesMetadata,iosSimulatorArm64TestCompilationDependenciesMetadata,iosSimulatorArm64TestCompileKlibraries,iosSimulatorArm64TestResolvableDependenciesMetadata,iosTestResolvableDependenciesMetadata,metadataAppleMainCompileClasspath,metadataCommonMainCompileClasspath,metadataCompileClasspath,metadataIosMainCompileClasspath,metadataNativeMainCompileClasspath,nativeMainResolvableDependenciesMetadata,nativeTestResolvableDependenciesMetadata,verificationMainResolvableDependenciesMetadata,verificationTestResolvableDependenciesMetadata
net.thauvin.erik.urlencoder:urlencoder-lib-iosarm64:1.6.0=iosArm64CompilationDependenciesMetadata,iosArm64CompileKlibraries,iosArm64TestCompilationDependenciesMetadata,iosArm64TestCompileKlibraries
net.thauvin.erik.urlencoder:urlencoder-lib-iossimulatorarm64:1.6.0=iosSimulatorArm64CompilationDependenciesMetadata,iosSimulatorArm64CompileKlibraries,iosSimulatorArm64TestCompilationDependenciesMetadata,iosSimulatorArm64TestCompileKlibraries
net.thauvin.erik.urlencoder:urlencoder-lib:1.6.0=allSourceSetsCompileDependenciesMetadata,allTestSourceSetsCompileDependenciesMetadata,appleMainResolvableDependenciesMetadata,appleTestResolvableDependenciesMetadata,commonMainResolvableDependenciesMetadata,commonTestResolvableDependenciesMetadata,iosArm64CompilationDependenciesMetadata,iosArm64CompileKlibraries,iosArm64MainResolvableDependenciesMetadata,iosArm64TestCompilationDependenciesMetadata,iosArm64TestCompileKlibraries,iosArm64TestResolvableDependenciesMetadata,iosMainResolvableDependenciesMetadata,iosSimulatorArm64CompilationDependenciesMetadata,iosSimulatorArm64CompileKlibraries,iosSimulatorArm64MainResolvableDependenciesMetadata,iosSimulatorArm64TestCompilationDependenciesMetadata,iosSimulatorArm64TestCompileKlibraries,iosSimulatorArm64TestResolvableDependenciesMetadata,iosTestResolvableDependenciesMetadata,metadataAppleMainCompileClasspath,metadataCommonMainCompileClasspath,metadataCompileClasspath,metadataIosMainCompileClasspath,metadataNativeMainCompileClasspath,nativeMainResolvableDependenciesMetadata,nativeTestResolvableDependenciesMetadata,verificationMainResolvableDependenciesMetadata,verificationTestResolvableDependenciesMetadata
org.jetbrains.kotlin:kotlin-stdlib:2.4.10=allSourceSetsCompileDependenciesMetadata,allTestSourceSetsCompileDependenciesMetadata,commonMainResolvableDependenciesMetadata,commonTestResolvableDependenciesMetadata,iosArm64CompilationDependenciesMetadata,iosArm64CompileKlibraries,iosArm64TestCompilationDependenciesMetadata,iosArm64TestCompileKlibraries,iosSimulatorArm64CompilationDependenciesMetadata,iosSimulatorArm64CompileKlibraries,iosSimulatorArm64TestCompilationDependenciesMetadata,iosSimulatorArm64TestCompileKlibraries,metadataAppleMainCompileClasspath,metadataCommonMainCompileClasspath,metadataCompileClasspath,metadataIosMainCompileClasspath,metadataNativeMainCompileClasspath,resolvableIosArm64CompilationApi,resolvableIosSimulatorArm64CompilationApi,verificationMainResolvableDependenciesMetadata,verificationTestResolvableDependenciesMetadata
org.jetbrains.kotlin:kotlin-test:2.4.10=allTestSourceSetsCompileDependenciesMetadata,appleTestResolvableDependenciesMetadata,commonTestResolvableDependenciesMetadata,iosArm64TestCompilationDependenciesMetadata,iosArm64TestCompileKlibraries,iosArm64TestResolvableDependenciesMetadata,iosSimulatorArm64TestCompilationDependenciesMetadata,iosSimulatorArm64TestCompileKlibraries,iosSimulatorArm64TestResolvableDependenciesMetadata,iosTestResolvableDependenciesMetadata,nativeTestResolvableDependenciesMetadata,verificationTestResolvableDependenciesMetadata
org.jetbrains.kotlinx:atomicfu-iosarm64:0.27.0=iosArm64CompilationDependenciesMetadata,iosArm64CompileKlibraries,iosArm64TestCompilationDependenciesMetadata,iosArm64TestCompileKlibraries
org.jetbrains.kotlinx:atomicfu-iossimulatorarm64:0.27.0=iosSimulatorArm64CompilationDependenciesMetadata,iosSimulatorArm64CompileKlibraries,iosSimulatorArm64TestCompilationDependenciesMetadata,iosSimulatorArm64TestCompileKlibraries
org.jetbrains.kotlinx:atomicfu:0.27.0=allSourceSetsCompileDependenciesMetadata,allTestSourceSetsCompileDependenciesMetadata,appleMainResolvableDependenciesMetadata,appleTestResolvableDependenciesMetadata,commonMainResolvableDependenciesMetadata,commonTestResolvableDependenciesMetadata,iosArm64CompilationDependenciesMetadata,iosArm64CompileKlibraries,iosArm64MainResolvableDependenciesMetadata,iosArm64TestCompilationDependenciesMetadata,iosArm64TestCompileKlibraries,iosArm64TestResolvableDependenciesMetadata,iosMainResolvableDependenciesMetadata,iosSimulatorArm64CompilationDependenciesMetadata,iosSimulatorArm64CompileKlibraries,iosSimulatorArm64MainResolvableDependenciesMetadata,iosSimulatorArm64TestCompilationDependenciesMetadata,iosSimulatorArm64TestCompileKlibraries,iosSimulatorArm64TestResolvableDependenciesMetadata,iosTestResolvableDependenciesMetadata,metadataAppleMainCompileClasspath,metadataCommonMainCompileClasspath,metadataCompileClasspath,metadataIosMainCompileClasspath,metadataNativeMainCompileClasspath,nativeMainResolvableDependenciesMetadata,nativeTestResolvableDependenciesMetadata,verificationMainResolvableDependenciesMetadata,verificationTestResolvableDependenciesMetadata
org.jetbrains.kotlinx:kotlinx-coroutines-core-iosarm64:1.10.2=iosArm64CompilationDependenciesMetadata,iosArm64CompileKlibraries,iosArm64TestCompilationDependenciesMetadata,iosArm64TestCompileKlibraries
org.jetbrains.kotlinx:kotlinx-coroutines-core-iossimulatorarm64:1.10.2=iosSimulatorArm64CompilationDependenciesMetadata,iosSimulatorArm64CompileKlibraries,iosSimulatorArm64TestCompilationDependenciesMetadata,iosSimulatorArm64TestCompileKlibraries
org.jetbrains.kotlinx:kotlinx-coroutines-core:1.10.2=allSourceSetsCompileDependenciesMetadata,allTestSourceSetsCompileDependenciesMetadata,appleMainResolvableDependenciesMetadata,appleTestResolvableDependenciesMetadata,commonMainResolvableDependenciesMetadata,commonTestResolvableDependenciesMetadata,iosArm64CompilationDependenciesMetadata,iosArm64CompileKlibraries,iosArm64MainResolvableDependenciesMetadata,iosArm64TestCompilationDependenciesMetadata,iosArm64TestCompileKlibraries,iosArm64TestResolvableDependenciesMetadata,iosMainResolvableDependenciesMetadata,iosSimulatorArm64CompilationDependenciesMetadata,iosSimulatorArm64CompileKlibraries,iosSimulatorArm64MainResolvableDependenciesMetadata,iosSimulatorArm64TestCompilationDependenciesMetadata,iosSimulatorArm64TestCompileKlibraries,iosSimulatorArm64TestResolvableDependenciesMetadata,iosTestResolvableDependenciesMetadata,metadataAppleMainCompileClasspath,metadataCommonMainCompileClasspath,metadataCompileClasspath,metadataIosMainCompileClasspath,metadataNativeMainCompileClasspath,nativeMainResolvableDependenciesMetadata,nativeTestResolvableDependenciesMetadata,verificationMainResolvableDependenciesMetadata,verificationTestResolvableDependenciesMetadata
org.jetbrains.kotlinx:kotlinx-coroutines-test-iosarm64:1.10.2=iosArm64TestCompilationDependenciesMetadata,iosArm64TestCompileKlibraries
org.jetbrains.kotlinx:kotlinx-coroutines-test-iossimulatorarm64:1.10.2=iosSimulatorArm64TestCompilationDependenciesMetadata,iosSimulatorArm64TestCompileKlibraries
org.jetbrains.kotlinx:kotlinx-coroutines-test:1.10.2=allTestSourceSetsCompileDependenciesMetadata,appleTestResolvableDependenciesMetadata,commonTestResolvableDependenciesMetadata,iosArm64TestCompilationDependenciesMetadata,iosArm64TestCompileKlibraries,iosArm64TestResolvableDependenciesMetadata,iosSimulatorArm64TestCompilationDependenciesMetadata,iosSimulatorArm64TestCompileKlibraries,iosSimulatorArm64TestResolvableDependenciesMetadata,iosTestResolvableDependenciesMetadata,nativeTestResolvableDependenciesMetadata,verificationTestResolvableDependenciesMetadata
org.jetbrains.kotlinx:kotlinx-serialization-core-iosarm64:1.9.0=iosArm64CompilationDependenciesMetadata,iosArm64CompileKlibraries,iosArm64TestCompilationDependenciesMetadata,iosArm64TestCompileKlibraries
org.jetbrains.kotlinx:kotlinx-serialization-core-iossimulatorarm64:1.9.0=iosSimulatorArm64CompilationDependenciesMetadata,iosSimulatorArm64CompileKlibraries,iosSimulatorArm64TestCompilationDependenciesMetadata,iosSimulatorArm64TestCompileKlibraries
org.jetbrains.kotlinx:kotlinx-serialization-core:1.9.0=allSourceSetsCompileDependenciesMetadata,allTestSourceSetsCompileDependenciesMetadata,appleMainResolvableDependenciesMetadata,appleTestResolvableDependenciesMetadata,commonMainResolvableDependenciesMetadata,commonTestResolvableDependenciesMetadata,iosArm64CompilationDependenciesMetadata,iosArm64CompileKlibraries,iosArm64MainResolvableDependenciesMetadata,iosArm64TestCompilationDependenciesMetadata,iosArm64TestCompileKlibraries,iosArm64TestResolvableDependenciesMetadata,iosMainResolvableDependenciesMetadata,iosSimulatorArm64CompilationDependenciesMetadata,iosSimulatorArm64CompileKlibraries,iosSimulatorArm64MainResolvableDependenciesMetadata,iosSimulatorArm64TestCompilationDependenciesMetadata,iosSimulatorArm64TestCompileKlibraries,iosSimulatorArm64TestResolvableDependenciesMetadata,iosTestResolvableDependenciesMetadata,metadataAppleMainCompileClasspath,metadataCommonMainCompileClasspath,metadataCompileClasspath,metadataIosMainCompileClasspath,metadataNativeMainCompileClasspath,nativeMainResolvableDependenciesMetadata,nativeTestResolvableDependenciesMetadata,verificationMainResolvableDependenciesMetadata,verificationTestResolvableDependenciesMetadata
org.jetbrains.kotlinx:kotlinx-serialization-json-iosarm64:1.9.0=iosArm64CompilationDependenciesMetadata,iosArm64CompileKlibraries,iosArm64TestCompilationDependenciesMetadata,iosArm64TestCompileKlibraries
org.jetbrains.kotlinx:kotlinx-serialization-json-iossimulatorarm64:1.9.0=iosSimulatorArm64CompilationDependenciesMetadata,iosSimulatorArm64CompileKlibraries,iosSimulatorArm64TestCompilationDependenciesMetadata,iosSimulatorArm64TestCompileKlibraries
org.jetbrains.kotlinx:kotlinx-serialization-json:1.9.0=allSourceSetsCompileDependenciesMetadata,allTestSourceSetsCompileDependenciesMetadata,appleMainResolvableDependenciesMetadata,appleTestResolvableDependenciesMetadata,commonMainResolvableDependenciesMetadata,commonTestResolvableDependenciesMetadata,iosArm64CompilationDependenciesMetadata,iosArm64CompileKlibraries,iosArm64MainResolvableDependenciesMetadata,iosArm64TestCompilationDependenciesMetadata,iosArm64TestCompileKlibraries,iosArm64TestResolvableDependenciesMetadata,iosMainResolvableDependenciesMetadata,iosSimulatorArm64CompilationDependenciesMetadata,iosSimulatorArm64CompileKlibraries,iosSimulatorArm64MainResolvableDependenciesMetadata,iosSimulatorArm64TestCompilationDependenciesMetadata,iosSimulatorArm64TestCompileKlibraries,iosSimulatorArm64TestResolvableDependenciesMetadata,iosTestResolvableDependenciesMetadata,metadataAppleMainCompileClasspath,metadataCommonMainCompileClasspath,metadataCompileClasspath,metadataIosMainCompileClasspath,metadataNativeMainCompileClasspath,nativeMainResolvableDependenciesMetadata,nativeTestResolvableDependenciesMetadata,verificationMainResolvableDependenciesMetadata,verificationTestResolvableDependenciesMetadata
empty=resolvableIosArm64TestCompilationApi,resolvableIosSimulatorArm64TestCompilationApi
